
Microsoft Visual Studio Solution File, Format Version 12.00
# Visual Studio Version 17
VisualStudioVersion = 17.10.34928.147
MinimumVisualStudioVersion = 10.0.40219.1
Project("{9A19103F-16F7-4668-BE54-9A1E7A4F7556}") = "migracio_api", "migracio_api\migracio_api.csproj", "{72C843BF-FF4B-4ACE-B84B-704521C30A75}"
EndProject
Project("{9A19103F-16F7-4668-BE54-9A1E7A4F7556}") = "Nomina", "Nomina\Nomina.csproj", "{6EDBA070-C450-4EB5-B95F-46ECE34E6B5C}"
EndProject
Project("{FAE04EC0-301F-11D3-BF4B-00C04F79EFBC}") = "SharedModels", "SharedModels\SharedModels.csproj", "{CFBD9C4D-536B-4BDE-A7B8-44EFC50D3AE1}"
EndProject
Global
	GlobalSection(SolutionConfigurationPlatforms) = preSolution
		Debug|Any CPU = Debug|Any CPU
		Release|Any CPU = Release|Any CPU
	EndGlobalSection
	GlobalSection(ProjectConfigurationPlatforms) = postSolution
		{72C843BF-FF4B-4ACE-B84B-704521C30A75}.Debug|Any CPU.ActiveCfg = Debug|Any CPU
		{72C843BF-FF4B-4ACE-B84B-704521C30A75}.Debug|Any CPU.Build.0 = Debug|Any CPU
		{72C843BF-FF4B-4ACE-B84B-704521C30A75}.Release|Any CPU.ActiveCfg = Release|Any CPU
		{72C843BF-FF4B-4ACE-B84B-704521C30A75}.Release|Any CPU.Build.0 = Release|Any CPU
		{6EDBA070-C450-4EB5-B95F-46ECE34E6B5C}.Debug|Any CPU.ActiveCfg = Debug|Any CPU
		{6EDBA070-C450-4EB5-B95F-46ECE34E6B5C}.Debug|Any CPU.Build.0 = Debug|Any CPU
		{6EDBA070-C450-4EB5-B95F-46ECE34E6B5C}.Release|Any CPU.ActiveCfg = Release|Any CPU
		{6EDBA070-C450-4EB5-B95F-46ECE34E6B5C}.Release|Any CPU.Build.0 = Release|Any CPU
		{CFBD9C4D-536B-4BDE-A7B8-44EFC50D3AE1}.Debug|Any CPU.ActiveCfg = Debug|Any CPU
		{CFBD9C4D-536B-4BDE-A7B8-44EFC50D3AE1}.Debug|Any CPU.Build.0 = Debug|Any CPU
		{CFBD9C4D-536B-4BDE-A7B8-44EFC50D3AE1}.Release|Any CPU.ActiveCfg = Release|Any CPU
		{CFBD9C4D-536B-4BDE-A7B8-44EFC50D3AE1}.Release|Any CPU.Build.0 = Release|Any CPU
	EndGlobalSection
	GlobalSection(SolutionProperties) = preSolution
		HideSolutionNode = FALSE
	EndGlobalSection
	GlobalSection(ExtensibilityGlobals) = postSolution
		SolutionGuid = {669B695B-B0A4-4A3A-AB01-4CAE894B5E2E}
	EndGlobalSection
EndGlobal
